
Microsoft Visual Studio Solution File, Format Version 12.00
# Visual Studio Version 17
VisualStudioVersion = 17.8.34511.84
MinimumVisualStudioVersion = 10.0.40219.1
Project("{FAE04EC0-301F-11D3-BF4B-00C04F79EFBC}") = "HummingFront.Server", "HummingFront.Server\HummingFront.Server.csproj", "{CCCBA714-30A8-4DDC-914C-4160FA131887}"
EndProject
Project("{54A90642-561A-4BB1-A94E-469ADEE60C69}") = "hummingfront.client", "hummingfront.client\hummingfront.client.esproj", "{021B1503-0249-479E-A989-C6349883F009}"
EndProject
Global
	GlobalSection(SolutionConfigurationPlatforms) = preSolution
		Debug|Any CPU = Debug|Any CPU
		Release|Any CPU = Release|Any CPU
	EndGlobalSection
	GlobalSection(ProjectConfigurationPlatforms) = postSolution
		{CCCBA714-30A8-4DDC-914C-4160FA131887}.Debug|Any CPU.ActiveCfg = Debug|Any CPU
		{CCCBA714-30A8-4DDC-914C-4160FA131887}.Debug|Any CPU.Build.0 = Debug|Any CPU
		{CCCBA714-30A8-4DDC-914C-4160FA131887}.Release|Any CPU.ActiveCfg = Release|Any CPU
		{CCCBA714-30A8-4DDC-914C-4160FA131887}.Release|Any CPU.Build.0 = Release|Any CPU
		{021B1503-0249-479E-A989-C6349883F009}.Debug|Any CPU.ActiveCfg = Debug|Any CPU
		{021B1503-0249-479E-A989-C6349883F009}.Debug|Any CPU.Build.0 = Debug|Any CPU
		{021B1503-0249-479E-A989-C6349883F009}.Debug|Any CPU.Deploy.0 = Debug|Any CPU
		{021B1503-0249-479E-A989-C6349883F009}.Release|Any CPU.ActiveCfg = Release|Any CPU
		{021B1503-0249-479E-A989-C6349883F009}.Release|Any CPU.Build.0 = Release|Any CPU
		{021B1503-0249-479E-A989-C6349883F009}.Release|Any CPU.Deploy.0 = Release|Any CPU
	EndGlobalSection
	GlobalSection(SolutionProperties) = preSolution
		HideSolutionNode = FALSE
	EndGlobalSection
	GlobalSection(ExtensibilityGlobals) = postSolution
		SolutionGuid = {4FB4A59B-E1AC-403D-8AC0-EB1B104C19A8}
	EndGlobalSection
EndGlobal
